
Microsoft Visual Studio Solution File, Format Version 12.00
# Visual Studio Version 17
VisualStudioVersion = 17.11.35222.181
MinimumVisualStudioVersion = 10.0.40219.1
Project("{FAE04EC0-301F-11D3-BF4B-00C04F79EFBC}") = "Labb 1 - LINQ", "Labb 1 - LINQ\Labb 1 - LINQ.csproj", "{EC594B6D-C813-4D4B-B181-CC004D4DBD6C}"
EndProject
Global
	GlobalSection(SolutionConfigurationPlatforms) = preSolution
		Debug|Any CPU = Debug|Any CPU
		Release|Any CPU = Release|Any CPU
	EndGlobalSection
	GlobalSection(ProjectConfigurationPlatforms) = postSolution
		{EC594B6D-C813-4D4B-B181-CC004D4DBD6C}.Debug|Any CPU.ActiveCfg = Debug|Any CPU
		{EC594B6D-C813-4D4B-B181-CC004D4DBD6C}.Debug|Any CPU.Build.0 = Debug|Any CPU
		{EC594B6D-C813-4D4B-B181-CC004D4DBD6C}.Release|Any CPU.ActiveCfg = Release|Any CPU
		{EC594B6D-C813-4D4B-B181-CC004D4DBD6C}.Release|Any CPU.Build.0 = Release|Any CPU
	EndGlobalSection
	GlobalSection(SolutionProperties) = preSolution
		HideSolutionNode = FALSE
	EndGlobalSection
	GlobalSection(ExtensibilityGlobals) = postSolution
		SolutionGuid = {52E3A151-DEBD-414B-BD90-9537B33BDDF9}
	EndGlobalSection
EndGlobal
